
Microsoft Visual Studio Solution File, Format Version 12.00
# Visual Studio Version 16
VisualStudioVersion = 16.0.29509.3
MinimumVisualStudioVersion = 10.0.40219.1
Project("{FAE04EC0-301F-11D3-BF4B-00C04F79EFBC}") = "OOP1", "OOP1\OOP1.csproj", "{A59CF724-5AA2-40F0-9153-11B7838B7776}"
EndProject
Global
	GlobalSection(SolutionConfigurationPlatforms) = preSolution
		Debug|Any CPU = Debug|Any CPU
		Release|Any CPU = Release|Any CPU
	EndGlobalSection
	GlobalSection(ProjectConfigurationPlatforms) = postSolution
		{A59CF724-5AA2-40F0-9153-11B7838B7776}.Debug|Any CPU.ActiveCfg = Debug|Any CPU
		{A59CF724-5AA2-40F0-9153-11B7838B7776}.Debug|Any CPU.Build.0 = Debug|Any CPU
		{A59CF724-5AA2-40F0-9153-11B7838B7776}.Release|Any CPU.ActiveCfg = Release|Any CPU
		{A59CF724-5AA2-40F0-9153-11B7838B7776}.Release|Any CPU.Build.0 = Release|Any CPU
	EndGlobalSection
	GlobalSection(SolutionProperties) = preSolution
		HideSolutionNode = FALSE
	EndGlobalSection
	GlobalSection(ExtensibilityGlobals) = postSolution
		SolutionGuid = {B4D87140-6960-4899-9C83-16970649E3B2}
	EndGlobalSection
EndGlobal
